
Microsoft Visual Studio Solution File, Format Version 12.00
# Visual Studio Version 16
VisualStudioVersion = 16.0.29613.14
MinimumVisualStudioVersion = 10.0.40219.1
Project("{9A19103F-16F7-4668-BE54-9A1E7A4F7556}") = "DoAnASP1", "DoAnASP1.csproj", "{8F8FBDF7-C957-4E78-AF9C-F045CFA4F50E}"
EndProject
Global
	GlobalSection(SolutionConfigurationPlatforms) = preSolution
		Debug|Any CPU = Debug|Any CPU
		Release|Any CPU = Release|Any CPU
	EndGlobalSection
	GlobalSection(ProjectConfigurationPlatforms) = postSolution
		{8F8FBDF7-C957-4E78-AF9C-F045CFA4F50E}.Debug|Any CPU.ActiveCfg = Debug|Any CPU
		{8F8FBDF7-C957-4E78-AF9C-F045CFA4F50E}.Debug|Any CPU.Build.0 = Debug|Any CPU
		{8F8FBDF7-C957-4E78-AF9C-F045CFA4F50E}.Release|Any CPU.ActiveCfg = Release|Any CPU
		{8F8FBDF7-C957-4E78-AF9C-F045CFA4F50E}.Release|Any CPU.Build.0 = Release|Any CPU
	EndGlobalSection
	GlobalSection(SolutionProperties) = preSolution
		HideSolutionNode = FALSE
	EndGlobalSection
	GlobalSection(ExtensibilityGlobals) = postSolution
		SolutionGuid = {C1002DA1-C629-4690-808B-5B75B0F186F3}
	EndGlobalSection
EndGlobal
